
Microsoft Visual Studio Solution File, Format Version 12.00
# Visual Studio Version 17
VisualStudioVersion = 17.1.32407.343
MinimumVisualStudioVersion = 10.0.40219.1
Project("{FAE04EC0-301F-11D3-BF4B-00C04F79EFBC}") = "KataRange", "KataRange\KataRange.csproj", "{261565ED-AC4E-4FCD-873B-217067745A0E}"
EndProject
Project("{FAE04EC0-301F-11D3-BF4B-00C04F79EFBC}") = "TestProyect", "TestProyect\TestProyect.csproj", "{84BEEBFB-9C28-41B2-9D03-7020908F1E49}"
EndProject
Global
	GlobalSection(SolutionConfigurationPlatforms) = preSolution
		Debug|Any CPU = Debug|Any CPU
		Release|Any CPU = Release|Any CPU
	EndGlobalSection
	GlobalSection(ProjectConfigurationPlatforms) = postSolution
		{261565ED-AC4E-4FCD-873B-217067745A0E}.Debug|Any CPU.ActiveCfg = Debug|Any CPU
		{261565ED-AC4E-4FCD-873B-217067745A0E}.Debug|Any CPU.Build.0 = Debug|Any CPU
		{261565ED-AC4E-4FCD-873B-217067745A0E}.Release|Any CPU.ActiveCfg = Release|Any CPU
		{261565ED-AC4E-4FCD-873B-217067745A0E}.Release|Any CPU.Build.0 = Release|Any CPU
		{84BEEBFB-9C28-41B2-9D03-7020908F1E49}.Debug|Any CPU.ActiveCfg = Debug|Any CPU
		{84BEEBFB-9C28-41B2-9D03-7020908F1E49}.Debug|Any CPU.Build.0 = Debug|Any CPU
		{84BEEBFB-9C28-41B2-9D03-7020908F1E49}.Release|Any CPU.ActiveCfg = Release|Any CPU
		{84BEEBFB-9C28-41B2-9D03-7020908F1E49}.Release|Any CPU.Build.0 = Release|Any CPU
	EndGlobalSection
	GlobalSection(SolutionProperties) = preSolution
		HideSolutionNode = FALSE
	EndGlobalSection
	GlobalSection(ExtensibilityGlobals) = postSolution
		SolutionGuid = {A663A384-292F-413C-AE84-FC8835367369}
	EndGlobalSection
EndGlobal
